
Microsoft Visual Studio Solution File, Format Version 12.00
# Visual Studio Version 17
VisualStudioVersion = 17.0.32014.148
MinimumVisualStudioVersion = 10.0.40219.1
Project("{FAE04EC0-301F-11D3-BF4B-00C04F79EFBC}") = "Base.DataAccess.GenericRepository", "Base.DataAccess.GenericRepository.csproj", "{707CF03A-B69D-4CC8-B88A-0A6B8CE691CA}"
EndProject
Global
	GlobalSection(SolutionConfigurationPlatforms) = preSolution
		Debug|Any CPU = Debug|Any CPU
		Release|Any CPU = Release|Any CPU
	EndGlobalSection
	GlobalSection(ProjectConfigurationPlatforms) = postSolution
		{707CF03A-B69D-4CC8-B88A-0A6B8CE691CA}.Debug|Any CPU.ActiveCfg = Debug|Any CPU
		{707CF03A-B69D-4CC8-B88A-0A6B8CE691CA}.Debug|Any CPU.Build.0 = Debug|Any CPU
		{707CF03A-B69D-4CC8-B88A-0A6B8CE691CA}.Release|Any CPU.ActiveCfg = Release|Any CPU
		{707CF03A-B69D-4CC8-B88A-0A6B8CE691CA}.Release|Any CPU.Build.0 = Release|Any CPU
	EndGlobalSection
	GlobalSection(SolutionProperties) = preSolution
		HideSolutionNode = FALSE
	EndGlobalSection
	GlobalSection(ExtensibilityGlobals) = postSolution
		SolutionGuid = {94AC42FB-B3C4-499D-92B5-2E6145ADDD03}
	EndGlobalSection
EndGlobal
